
Microsoft Visual Studio Solution File, Format Version 12.00
# Visual Studio Version 17
VisualStudioVersion = 17.5.002.0
MinimumVisualStudioVersion = 10.0.40219.1
Project("{2150E333-8FDC-42A3-9474-1A3956D46DE8}") = "CsvToJson", "CsvToJson", "{A2D33FDE-D170-4ECF-8BF0-244C24383E81}"
EndProject
Project("{2150E333-8FDC-42A3-9474-1A3956D46DE8}") = "test", "test", "{C99543B0-6026-43DE-BAFF-C3A07DD1750F}"
EndProject
Project("{9A19103F-16F7-4668-BE54-9A1E7A4F7556}") = "CsvToJson.Tests", "CsvToJson\test\CsvToJson.Tests\CsvToJson.Tests.csproj", "{D3360914-0F37-4855-AB8A-0B434098BE86}"
EndProject
Project("{2150E333-8FDC-42A3-9474-1A3956D46DE8}") = "src", "src", "{BE279133-27B9-44E9-A6FB-7A809C2C3AAB}"
EndProject
Project("{9A19103F-16F7-4668-BE54-9A1E7A4F7556}") = "CsvToJson", "CsvToJson\src\CsvToJson\CsvToJson.csproj", "{7F9C749B-BDE1-4AA4-92C3-63936FBFBF35}"
EndProject
Global
	GlobalSection(SolutionConfigurationPlatforms) = preSolution
		Debug|Any CPU = Debug|Any CPU
		Release|Any CPU = Release|Any CPU
	EndGlobalSection
	GlobalSection(ProjectConfigurationPlatforms) = postSolution
		{D3360914-0F37-4855-AB8A-0B434098BE86}.Debug|Any CPU.ActiveCfg = Debug|Any CPU
		{D3360914-0F37-4855-AB8A-0B434098BE86}.Debug|Any CPU.Build.0 = Debug|Any CPU
		{D3360914-0F37-4855-AB8A-0B434098BE86}.Release|Any CPU.ActiveCfg = Release|Any CPU
		{D3360914-0F37-4855-AB8A-0B434098BE86}.Release|Any CPU.Build.0 = Release|Any CPU
		{7F9C749B-BDE1-4AA4-92C3-63936FBFBF35}.Debug|Any CPU.ActiveCfg = Debug|Any CPU
		{7F9C749B-BDE1-4AA4-92C3-63936FBFBF35}.Debug|Any CPU.Build.0 = Debug|Any CPU
		{7F9C749B-BDE1-4AA4-92C3-63936FBFBF35}.Release|Any CPU.ActiveCfg = Release|Any CPU
		{7F9C749B-BDE1-4AA4-92C3-63936FBFBF35}.Release|Any CPU.Build.0 = Release|Any CPU
	EndGlobalSection
	GlobalSection(SolutionProperties) = preSolution
		HideSolutionNode = FALSE
	EndGlobalSection
	GlobalSection(NestedProjects) = preSolution
		{C99543B0-6026-43DE-BAFF-C3A07DD1750F} = {A2D33FDE-D170-4ECF-8BF0-244C24383E81}
		{D3360914-0F37-4855-AB8A-0B434098BE86} = {C99543B0-6026-43DE-BAFF-C3A07DD1750F}
		{BE279133-27B9-44E9-A6FB-7A809C2C3AAB} = {A2D33FDE-D170-4ECF-8BF0-244C24383E81}
		{7F9C749B-BDE1-4AA4-92C3-63936FBFBF35} = {BE279133-27B9-44E9-A6FB-7A809C2C3AAB}
	EndGlobalSection
	GlobalSection(ExtensibilityGlobals) = postSolution
		SolutionGuid = {559A0FD9-D459-40BC-BA89-0442ABF009DF}
	EndGlobalSection
EndGlobal
